
Microsoft Visual Studio Solution File, Format Version 12.00
# Visual Studio Version 16
VisualStudioVersion = 25.0.1703.8
MinimumVisualStudioVersion = 10.0.40219.1
Project("{FAE04EC0-301F-11D3-BF4B-00C04F79EFBC}") = "Domain", "Domain\Domain.csproj", "{A38FC256-7183-44DD-8421-E74BCCEA1485}"
EndProject
Project("{FAE04EC0-301F-11D3-BF4B-00C04F79EFBC}") = "Web", "Web\Web.csproj", "{D2F955A6-B7AC-4CC1-B91E-FA373CC4EE93}"
EndProject
Project("{FAE04EC0-301F-11D3-BF4B-00C04F79EFBC}") = "UDPClientService", "UDPClientService\UDPClientService.csproj", "{484328AD-81D5-41E1-8EF9-2E9D16279D1B}"
EndProject
Project("{FAE04EC0-301F-11D3-BF4B-00C04F79EFBC}") = "UDPServerService", "UDPServerService\UDPServerService.csproj", "{419EC0DE-2BC3-4BE0-9818-F6B5D02B9D6B}"
EndProject
Global
	GlobalSection(SolutionConfigurationPlatforms) = preSolution
		Debug|Any CPU = Debug|Any CPU
		Release|Any CPU = Release|Any CPU
	EndGlobalSection
	GlobalSection(ProjectConfigurationPlatforms) = postSolution
		{A38FC256-7183-44DD-8421-E74BCCEA1485}.Debug|Any CPU.ActiveCfg = Debug|Any CPU
		{A38FC256-7183-44DD-8421-E74BCCEA1485}.Release|Any CPU.ActiveCfg = Release|Any CPU
		{A38FC256-7183-44DD-8421-E74BCCEA1485}.Release|Any CPU.Build.0 = Release|Any CPU
		{A38FC256-7183-44DD-8421-E74BCCEA1485}.Debug|Any CPU.Build.0 = Debug|Any CPU
		{D2F955A6-B7AC-4CC1-B91E-FA373CC4EE93}.Debug|Any CPU.ActiveCfg = Debug|Any CPU
		{D2F955A6-B7AC-4CC1-B91E-FA373CC4EE93}.Release|Any CPU.ActiveCfg = Release|Any CPU
		{D2F955A6-B7AC-4CC1-B91E-FA373CC4EE93}.Release|Any CPU.Build.0 = Release|Any CPU
		{D2F955A6-B7AC-4CC1-B91E-FA373CC4EE93}.Debug|Any CPU.Build.0 = Debug|Any CPU
		{484328AD-81D5-41E1-8EF9-2E9D16279D1B}.Debug|Any CPU.ActiveCfg = Debug|Any CPU
		{484328AD-81D5-41E1-8EF9-2E9D16279D1B}.Debug|Any CPU.Build.0 = Debug|Any CPU
		{484328AD-81D5-41E1-8EF9-2E9D16279D1B}.Release|Any CPU.ActiveCfg = Release|Any CPU
		{484328AD-81D5-41E1-8EF9-2E9D16279D1B}.Release|Any CPU.Build.0 = Release|Any CPU
		{419EC0DE-2BC3-4BE0-9818-F6B5D02B9D6B}.Debug|Any CPU.ActiveCfg = Debug|Any CPU
		{419EC0DE-2BC3-4BE0-9818-F6B5D02B9D6B}.Debug|Any CPU.Build.0 = Debug|Any CPU
		{419EC0DE-2BC3-4BE0-9818-F6B5D02B9D6B}.Release|Any CPU.ActiveCfg = Release|Any CPU
		{419EC0DE-2BC3-4BE0-9818-F6B5D02B9D6B}.Release|Any CPU.Build.0 = Release|Any CPU
	EndGlobalSection
	GlobalSection(SolutionProperties) = preSolution
		HideSolutionNode = FALSE
	EndGlobalSection
	GlobalSection(ExtensibilityGlobals) = postSolution
		SolutionGuid = {F02565E5-4A52-4696-9ABB-57E97CC98B6F}
	EndGlobalSection
EndGlobal
