
Microsoft Visual Studio Solution File, Format Version 12.00
# Visual Studio Version 17
VisualStudioVersion = 17.3.32922.545
MinimumVisualStudioVersion = 10.0.40219.1
Project("{9A19103F-16F7-4668-BE54-9A1E7A4F7556}") = "Kalin.EntityframeworkCore", "Kalin.EntityframeworkCore\Kalin.EntityframeworkCore.csproj", "{039A622A-8722-4B2E-96A3-4F3DC8010384}"
EndProject
Project("{9A19103F-16F7-4668-BE54-9A1E7A4F7556}") = "Kalin.Udp", "Kalin.Udp\Kalin.Udp.csproj", "{88B21916-6A80-4866-9DDB-43D4AD77A747}"
EndProject
Project("{9A19103F-16F7-4668-BE54-9A1E7A4F7556}") = "Kalin.Web.API", "Kalin.Web.API\Kalin.Web.API.csproj", "{C16193AE-4CF5-4EF7-AF20-C1D2715018B9}"
EndProject
Project("{9A19103F-16F7-4668-BE54-9A1E7A4F7556}") = "Kalin.Utility", "Kalin.Utility\Kalin.Utility.csproj", "{0C8F3766-5CC2-43B9-B838-026AEB2D5226}"
EndProject
Project("{FAE04EC0-301F-11D3-BF4B-00C04F79EFBC}") = "TestApp", "TestApp\TestApp.csproj", "{5A4A71E9-E4E3-4E22-9936-86BB9CD94151}"
EndProject
Global
	GlobalSection(SolutionConfigurationPlatforms) = preSolution
		Debug|Any CPU = Debug|Any CPU
		Release|Any CPU = Release|Any CPU
	EndGlobalSection
	GlobalSection(ProjectConfigurationPlatforms) = postSolution
		{039A622A-8722-4B2E-96A3-4F3DC8010384}.Debug|Any CPU.ActiveCfg = Debug|Any CPU
		{039A622A-8722-4B2E-96A3-4F3DC8010384}.Debug|Any CPU.Build.0 = Debug|Any CPU
		{039A622A-8722-4B2E-96A3-4F3DC8010384}.Release|Any CPU.ActiveCfg = Release|Any CPU
		{039A622A-8722-4B2E-96A3-4F3DC8010384}.Release|Any CPU.Build.0 = Release|Any CPU
		{88B21916-6A80-4866-9DDB-43D4AD77A747}.Debug|Any CPU.ActiveCfg = Debug|Any CPU
		{88B21916-6A80-4866-9DDB-43D4AD77A747}.Debug|Any CPU.Build.0 = Debug|Any CPU
		{88B21916-6A80-4866-9DDB-43D4AD77A747}.Release|Any CPU.ActiveCfg = Release|Any CPU
		{88B21916-6A80-4866-9DDB-43D4AD77A747}.Release|Any CPU.Build.0 = Release|Any CPU
		{C16193AE-4CF5-4EF7-AF20-C1D2715018B9}.Debug|Any CPU.ActiveCfg = Debug|Any CPU
		{C16193AE-4CF5-4EF7-AF20-C1D2715018B9}.Debug|Any CPU.Build.0 = Debug|Any CPU
		{C16193AE-4CF5-4EF7-AF20-C1D2715018B9}.Release|Any CPU.ActiveCfg = Release|Any CPU
		{C16193AE-4CF5-4EF7-AF20-C1D2715018B9}.Release|Any CPU.Build.0 = Release|Any CPU
		{0C8F3766-5CC2-43B9-B838-026AEB2D5226}.Debug|Any CPU.ActiveCfg = Debug|Any CPU
		{0C8F3766-5CC2-43B9-B838-026AEB2D5226}.Debug|Any CPU.Build.0 = Debug|Any CPU
		{0C8F3766-5CC2-43B9-B838-026AEB2D5226}.Release|Any CPU.ActiveCfg = Release|Any CPU
		{0C8F3766-5CC2-43B9-B838-026AEB2D5226}.Release|Any CPU.Build.0 = Release|Any CPU
		{5A4A71E9-E4E3-4E22-9936-86BB9CD94151}.Debug|Any CPU.ActiveCfg = Debug|Any CPU
		{5A4A71E9-E4E3-4E22-9936-86BB9CD94151}.Debug|Any CPU.Build.0 = Debug|Any CPU
		{5A4A71E9-E4E3-4E22-9936-86BB9CD94151}.Release|Any CPU.ActiveCfg = Release|Any CPU
		{5A4A71E9-E4E3-4E22-9936-86BB9CD94151}.Release|Any CPU.Build.0 = Release|Any CPU
	EndGlobalSection
	GlobalSection(SolutionProperties) = preSolution
		HideSolutionNode = FALSE
	EndGlobalSection
	GlobalSection(ExtensibilityGlobals) = postSolution
		SolutionGuid = {5D3053A4-A6E0-4F56-BD03-5D2705D0DF73}
	EndGlobalSection
EndGlobal
